
Microsoft Visual Studio Solution File, Format Version 12.00
# Visual Studio Version 17
VisualStudioVersion = 17.11.35327.3
MinimumVisualStudioVersion = 10.0.40219.1
Project("{FAE04EC0-301F-11D3-BF4B-00C04F79EFBC}") = "Game", "WP2\Game.csproj", "{A08D9C8A-8BFB-4152-BF13-13F25854D5D5}"
EndProject
Global
	GlobalSection(SolutionConfigurationPlatforms) = preSolution
		Debug|Any CPU = Debug|Any CPU
		Release|Any CPU = Release|Any CPU
	EndGlobalSection
	GlobalSection(ProjectConfigurationPlatforms) = postSolution
		{A08D9C8A-8BFB-4152-BF13-13F25854D5D5}.Debug|Any CPU.ActiveCfg = Debug|Any CPU
		{A08D9C8A-8BFB-4152-BF13-13F25854D5D5}.Debug|Any CPU.Build.0 = Debug|Any CPU
		{A08D9C8A-8BFB-4152-BF13-13F25854D5D5}.Release|Any CPU.ActiveCfg = Release|Any CPU
		{A08D9C8A-8BFB-4152-BF13-13F25854D5D5}.Release|Any CPU.Build.0 = Release|Any CPU
	EndGlobalSection
	GlobalSection(SolutionProperties) = preSolution
		HideSolutionNode = FALSE
	EndGlobalSection
	GlobalSection(ExtensibilityGlobals) = postSolution
		SolutionGuid = {12CD551A-4BD1-47C0-BB1C-59D890D76EC2}
	EndGlobalSection
EndGlobal
